PODS:
  - Alamofire (5.2.1)
  - KeychainAccess (4.2.0)
  - RxCocoa (5.1.1):
    - RxRelay (~> 5)
    - RxSwift (~> 5)
  - RxRelay (5.1.1):
    - RxSwift (~> 5)
  - RxSwift (5.1.1)

DEPENDENCIES:
  - Alamofire (~> 5.2)
  - KeychainAccess
  - RxCocoa
  - RxSwift

SPEC REPOS:
  trunk:
    - Alamofire
    - KeychainAccess
    - RxCocoa
    - RxRelay
    - RxSwift

SPEC CHECKSUMS:
  Alamofire: e911732990610fe89af59ac0077f923d72dc3dfd
  KeychainAccess: 3f760109aa99b05d0f231e28b22642da7153e38a
  RxCocoa: 32065309a38d29b5b0db858819b5bf9ef038b601
  RxRelay: d77f7d771495f43c556cbc43eebd1bb54d01e8e9
  RxSwift: 81470a2074fa8780320ea5fe4102807cb7118178

PODFILE CHECKSUM: 15b109d4efac4863b7dce39eff0b13a3e7aab0a6

COCOAPODS: 1.9.2
