// !$*UTF8*$!
{
	archiveVersion = 1;
	classes = {
	};
	objectVersion = 51;
	objects = {

/* Begin PBXBuildFile section */
		146A856BBBF8968BABEF39F2 /* Pods_InPost_on_Wrist.framework in Frameworks */ = {isa = PBXBuildFile; fileRef = 2AAEE4E0662438FEFF2BC33B /* Pods_InPost_on_Wrist.framework */; };
		17207637247DA48800737262 /* AuthTokensStorage.swift in Sources */ = {isa = PBXBuildFile; fileRef = 17207636247DA48800737262 /* AuthTokensStorage.swift */; };
		17207639247ED88500737262 /* Networking.swift in Sources */ = {isa = PBXBuildFile; fileRef = 17207638247ED88500737262 /* Networking.swift */; };
		1720763C247ED93A00737262 /* SmsSentConfirmation.swift in Sources */ = {isa = PBXBuildFile; fileRef = 1720763B247ED93A00737262 /* SmsSentConfirmation.swift */; };
		1720763E247ED94C00737262 /* AuthInfos.swift in Sources */ = {isa = PBXBuildFile; fileRef = 1720763D247ED94C00737262 /* AuthInfos.swift */; };
		17207641247EDFC800737262 /* LoginService.swift in Sources */ = {isa = PBXBuildFile; fileRef = 17207640247EDFC800737262 /* LoginService.swift */; };
		17207643247EE0BF00737262 /* ParcelService.swift in Sources */ = {isa = PBXBuildFile; fileRef = 17207642247EE0BF00737262 /* ParcelService.swift */; };
		17207645247EE66200737262 /* Parcel.swift in Sources */ = {isa = PBXBuildFile; fileRef = 17207644247EE66200737262 /* Parcel.swift */; };
		17207647247EEEC000737262 /* ParcelRowController.swift in Sources */ = {isa = PBXBuildFile; fileRef = 17207646247EEEC000737262 /* ParcelRowController.swift */; };
		17207649247EF17800737262 /* ParcelsController.swift in Sources */ = {isa = PBXBuildFile; fileRef = 17207648247EF17800737262 /* ParcelsController.swift */; };
		1720764B247F032A00737262 /* QrCodeController.swift in Sources */ = {isa = PBXBuildFile; fileRef = 1720764A247F032A00737262 /* QrCodeController.swift */; };
		1720764D2481810D00737262 /* ParcelDetailsController.swift in Sources */ = {isa = PBXBuildFile; fileRef = 1720764C2481810D00737262 /* ParcelDetailsController.swift */; };
		1720764F2481989B00737262 /* MapController.swift in Sources */ = {isa = PBXBuildFile; fileRef = 1720764E2481989B00737262 /* MapController.swift */; };
		174488BD247D880700A23646 /* DummyController.swift in Sources */ = {isa = PBXBuildFile; fileRef = 174488BC247D880700A23646 /* DummyController.swift */; };
		17EAAEC4247D7A1D0091E2A4 /* InPost on Wrist WatchKit App.app in Embed Watch Content */ = {isa = PBXBuildFile; fileRef = 17EAAEC3247D7A1D0091E2A4 /* InPost on Wrist WatchKit App.app */; settings = {ATTRIBUTES = (RemoveHeadersOnCopy, ); }; };
		17EAAECA247D7A1D0091E2A4 /* Interface.storyboard in Resources */ = {isa = PBXBuildFile; fileRef = 17EAAEC8247D7A1D0091E2A4 /* Interface.storyboard */; };
		17EAAECC247D7A1F0091E2A4 /* Assets.xcassets in Resources */ = {isa = PBXBuildFile; fileRef = 17EAAECB247D7A1F0091E2A4 /* Assets.xcassets */; };
		17EAAED3247D7A1F0091E2A4 /* InPost on Wrist WatchKit Extension.appex in Embed App Extensions */ = {isa = PBXBuildFile; fileRef = 17EAAED2247D7A1F0091E2A4 /* InPost on Wrist WatchKit Extension.appex */; settings = {ATTRIBUTES = (RemoveHeadersOnCopy, ); }; };
		17EAAED8247D7A1F0091E2A4 /* LoginController.swift in Sources */ = {isa = PBXBuildFile; fileRef = 17EAAED7247D7A1F0091E2A4 /* LoginController.swift */; };
		17EAAEDA247D7A1F0091E2A4 /* ExtensionDelegate.swift in Sources */ = {isa = PBXBuildFile; fileRef = 17EAAED9247D7A1F0091E2A4 /* ExtensionDelegate.swift */; };
		17EAAEDC247D7A200091E2A4 /* Assets.xcassets in Resources */ = {isa = PBXBuildFile; fileRef = 17EAAEDB247D7A200091E2A4 /* Assets.xcassets */; };
		17EAAEEC247D7C8F0091E2A4 /* AppCoordinator.swift in Sources */ = {isa = PBXBuildFile; fileRef = 17EAAEEB247D7C8F0091E2A4 /* AppCoordinator.swift */; };
		4809BE347BB91C59AC6E2651 /* Pods_InPost_on_Wrist_WatchKit_Extension.framework in Frameworks */ = {isa = PBXBuildFile; fileRef = 22A60F80A12C8E508B57005F /* Pods_InPost_on_Wrist_WatchKit_Extension.framework */; };
		A420EDC1E6FA59EE017FFDF1 /* Pods_InPost_on_Wrist_WatchKit_App.framework in Frameworks */ = {isa = PBXBuildFile; fileRef = 57DE1E7E7CAD395609DD4FAC /* Pods_InPost_on_Wrist_WatchKit_App.framework */; };
/* End PBXBuildFile section */

/* Begin PBXContainerItemProxy section */
		17EAAEC5247D7A1D0091E2A4 /* PBXContainerItemProxy */ = {
			isa = PBXContainerItemProxy;
			containerPortal = 17EAAEB9247D7A1D0091E2A4 /* Project object */;
			proxyType = 1;
			remoteGlobalIDString = 17EAAEC2247D7A1D0091E2A4;
			remoteInfo = "InPost on Wrist WatchKit App";
		};
		17EAAED4247D7A1F0091E2A4 /* PBXContainerItemProxy */ = {
			isa = PBXContainerItemProxy;
			containerPortal = 17EAAEB9247D7A1D0091E2A4 /* Project object */;
			proxyType = 1;
			remoteGlobalIDString = 17EAAED1247D7A1F0091E2A4;
			remoteInfo = "InPost on Wrist WatchKit Extension";
		};
/* End PBXContainerItemProxy section */

/* Begin PBXCopyFilesBuildPhase section */
		17EAAEE3247D7A200091E2A4 /* Embed App Extensions */ = {
			isa = PBXCopyFilesBuildPhase;
			buildActionMask = 2147483647;
			dstPath = "";
			dstSubfolderSpec = 13;
			files = (
				17EAAED3247D7A1F0091E2A4 /* InPost on Wrist WatchKit Extension.appex in Embed App Extensions */,
			);
			name = "Embed App Extensions";
			runOnlyForDeploymentPostprocessing = 0;
		};
		17EAAEE7247D7A200091E2A4 /* Embed Watch Content */ = {
			isa = PBXCopyFilesBuildPhase;
			buildActionMask = 2147483647;
			dstPath = "$(CONTENTS_FOLDER_PATH)/Watch";
			dstSubfolderSpec = 16;
			files = (
				17EAAEC4247D7A1D0091E2A4 /* InPost on Wrist WatchKit App.app in Embed Watch Content */,
			);
			name = "Embed Watch Content";
			runOnlyForDeploymentPostprocessing = 0;
		};
/* End PBXCopyFilesBuildPhase section */

/* Begin PBXFileReference section */
		034B8722288D0B8C507A023B /* Pods-InPost on Wrist WatchKit App.debug.xcconfig */ = {isa = PBXFileReference; includeInIndex = 1; lastKnownFileType = text.xcconfig; name = "Pods-InPost on Wrist WatchKit App.debug.xcconfig"; path = "Target Support Files/Pods-InPost on Wrist WatchKit App/Pods-InPost on Wrist WatchKit App.debug.xcconfig"; sourceTree = "<group>"; };
		0A3CFF93DF802EB7E3845118 /* Pods-InPost on Wrist WatchKit Extension.release.xcconfig */ = {isa = PBXFileReference; includeInIndex = 1; lastKnownFileType = text.xcconfig; name = "Pods-InPost on Wrist WatchKit Extension.release.xcconfig"; path = "Target Support Files/Pods-InPost on Wrist WatchKit Extension/Pods-InPost on Wrist WatchKit Extension.release.xcconfig"; sourceTree = "<group>"; };
		17207636247DA48800737262 /* AuthTokensStorage.swift */ = {isa = PBXFileReference; lastKnownFileType = sourcecode.swift; path = AuthTokensStorage.swift; sourceTree = "<group>"; };
		17207638247ED88500737262 /* Networking.swift */ = {isa = PBXFileReference; lastKnownFileType = sourcecode.swift; path = Networking.swift; sourceTree = "<group>"; };
		1720763B247ED93A00737262 /* SmsSentConfirmation.swift */ = {isa = PBXFileReference; lastKnownFileType = sourcecode.swift; path = SmsSentConfirmation.swift; sourceTree = "<group>"; };
		1720763D247ED94C00737262 /* AuthInfos.swift */ = {isa = PBXFileReference; lastKnownFileType = sourcecode.swift; path = AuthInfos.swift; sourceTree = "<group>"; };
		17207640247EDFC800737262 /* LoginService.swift */ = {isa = PBXFileReference; lastKnownFileType = sourcecode.swift; path = LoginService.swift; sourceTree = "<group>"; };
		17207642247EE0BF00737262 /* ParcelService.swift */ = {isa = PBXFileReference; lastKnownFileType = sourcecode.swift; path = ParcelService.swift; sourceTree = "<group>"; };
		17207644247EE66200737262 /* Parcel.swift */ = {isa = PBXFileReference; lastKnownFileType = sourcecode.swift; path = Parcel.swift; sourceTree = "<group>"; };
		17207646247EEEC000737262 /* ParcelRowController.swift */ = {isa = PBXFileReference; lastKnownFileType = sourcecode.swift; path = ParcelRowController.swift; sourceTree = "<group>"; };
		17207648247EF17800737262 /* ParcelsController.swift */ = {isa = PBXFileReference; lastKnownFileType = sourcecode.swift; path = ParcelsController.swift; sourceTree = "<group>"; };
		1720764A247F032A00737262 /* QrCodeController.swift */ = {isa = PBXFileReference; lastKnownFileType = sourcecode.swift; path = QrCodeController.swift; sourceTree = "<group>"; };
		1720764C2481810D00737262 /* ParcelDetailsController.swift */ = {isa = PBXFileReference; lastKnownFileType = sourcecode.swift; path = ParcelDetailsController.swift; sourceTree = "<group>"; };
		1720764E2481989B00737262 /* MapController.swift */ = {isa = PBXFileReference; lastKnownFileType = sourcecode.swift; path = MapController.swift; sourceTree = "<group>"; };
		174488BC247D880700A23646 /* DummyController.swift */ = {isa = PBXFileReference; lastKnownFileType = sourcecode.swift; path = DummyController.swift; sourceTree = "<group>"; };
		17EAAEBF247D7A1D0091E2A4 /* InPost on Wrist.app */ = {isa = PBXFileReference; explicitFileType = wrapper.application; includeInIndex = 0; path = "InPost on Wrist.app"; sourceTree = BUILT_PRODUCTS_DIR; };
		17EAAEC3247D7A1D0091E2A4 /* InPost on Wrist WatchKit App.app */ = {isa = PBXFileReference; explicitFileType = wrapper.application; includeInIndex = 0; path = "InPost on Wrist WatchKit App.app"; sourceTree = BUILT_PRODUCTS_DIR; };
		17EAAEC9247D7A1D0091E2A4 /* Base */ = {isa = PBXFileReference; lastKnownFileType = file.storyboard; name = Base; path = Base.lproj/Interface.storyboard; sourceTree = "<group>"; };
		17EAAECB247D7A1F0091E2A4 /* Assets.xcassets */ = {isa = PBXFileReference; lastKnownFileType = folder.assetcatalog; path = Assets.xcassets; sourceTree = "<group>"; };
		17EAAECD247D7A1F0091E2A4 /* Info.plist */ = {isa = PBXFileReference; lastKnownFileType = text.plist.xml; path = Info.plist; sourceTree = "<group>"; };
		17EAAED2247D7A1F0091E2A4 /* InPost on Wrist WatchKit Extension.appex */ = {isa = PBXFileReference; explicitFileType = "wrapper.app-extension"; includeInIndex = 0; path = "InPost on Wrist WatchKit Extension.appex"; sourceTree = BUILT_PRODUCTS_DIR; };
		17EAAED7247D7A1F0091E2A4 /* LoginController.swift */ = {isa = PBXFileReference; lastKnownFileType = sourcecode.swift; path = LoginController.swift; sourceTree = "<group>"; };
		17EAAED9247D7A1F0091E2A4 /* ExtensionDelegate.swift */ = {isa = PBXFileReference; lastKnownFileType = sourcecode.swift; path = ExtensionDelegate.swift; sourceTree = "<group>"; };
		17EAAEDB247D7A200091E2A4 /* Assets.xcassets */ = {isa = PBXFileReference; lastKnownFileType = folder.assetcatalog; path = Assets.xcassets; sourceTree = "<group>"; };
		17EAAEDD247D7A200091E2A4 /* Info.plist */ = {isa = PBXFileReference; lastKnownFileType = text.plist.xml; path = Info.plist; sourceTree = "<group>"; };
		17EAAEEB247D7C8F0091E2A4 /* AppCoordinator.swift */ = {isa = PBXFileReference; lastKnownFileType = sourcecode.swift; path = AppCoordinator.swift; sourceTree = "<group>"; };
		22A60F80A12C8E508B57005F /* Pods_InPost_on_Wrist_WatchKit_Extension.framework */ = {isa = PBXFileReference; explicitFileType = wrapper.framework; includeInIndex = 0; path = Pods_InPost_on_Wrist_WatchKit_Extension.framework; sourceTree = BUILT_PRODUCTS_DIR; };
		2AAEE4E0662438FEFF2BC33B /* Pods_InPost_on_Wrist.framework */ = {isa = PBXFileReference; explicitFileType = wrapper.framework; includeInIndex = 0; path = Pods_InPost_on_Wrist.framework; sourceTree = BUILT_PRODUCTS_DIR; };
		2E651F3F1B1EE4C356FE9FAF /* Pods-InPost on Wrist.debug.xcconfig */ = {isa = PBXFileReference; includeInIndex = 1; lastKnownFileType = text.xcconfig; name = "Pods-InPost on Wrist.debug.xcconfig"; path = "Target Support Files/Pods-InPost on Wrist/Pods-InPost on Wrist.debug.xcconfig"; sourceTree = "<group>"; };
		57DE1E7E7CAD395609DD4FAC /* Pods_InPost_on_Wrist_WatchKit_App.framework */ = {isa = PBXFileReference; explicitFileType = wrapper.framework; includeInIndex = 0; path = Pods_InPost_on_Wrist_WatchKit_App.framework; sourceTree = BUILT_PRODUCTS_DIR; };
		66BDDA0158793EEF8583C1CE /* Pods-InPost on Wrist WatchKit App.release.xcconfig */ = {isa = PBXFileReference; includeInIndex = 1; lastKnownFileType = text.xcconfig; name = "Pods-InPost on Wrist WatchKit App.release.xcconfig"; path = "Target Support Files/Pods-InPost on Wrist WatchKit App/Pods-InPost on Wrist WatchKit App.release.xcconfig"; sourceTree = "<group>"; };
		8428821EFCB86673CDC2267D /* Pods-InPost on Wrist.release.xcconfig */ = {isa = PBXFileReference; includeInIndex = 1; lastKnownFileType = text.xcconfig; name = "Pods-InPost on Wrist.release.xcconfig"; path = "Target Support Files/Pods-InPost on Wrist/Pods-InPost on Wrist.release.xcconfig"; sourceTree = "<group>"; };
		F4256674A3E8E5A57493C781 /* Pods-InPost on Wrist WatchKit Extension.debug.xcconfig */ = {isa = PBXFileReference; includeInIndex = 1; lastKnownFileType = text.xcconfig; name = "Pods-InPost on Wrist WatchKit Extension.debug.xcconfig"; path = "Target Support Files/Pods-InPost on Wrist WatchKit Extension/Pods-InPost on Wrist WatchKit Extension.debug.xcconfig"; sourceTree = "<group>"; };
/* End PBXFileReference section */

/* Begin PBXFrameworksBuildPhase section */
		12ACD83401976903FF6BD994 /* Frameworks */ = {
			isa = PBXFrameworksBuildPhase;
			buildActionMask = 2147483647;
			files = (
				146A856BBBF8968BABEF39F2 /* Pods_InPost_on_Wrist.framework in Frameworks */,
			);
			runOnlyForDeploymentPostprocessing = 0;
		};
		17EAAECF247D7A1F0091E2A4 /* Frameworks */ = {
			isa = PBXFrameworksBuildPhase;
			buildActionMask = 2147483647;
			files = (
				4809BE347BB91C59AC6E2651 /* Pods_InPost_on_Wrist_WatchKit_Extension.framework in Frameworks */,
			);
			runOnlyForDeploymentPostprocessing = 0;
		};
		480DA3BD84FCC0FB1B065843 /* Frameworks */ = {
			isa = PBXFrameworksBuildPhase;
			buildActionMask = 2147483647;
			files = (
				A420EDC1E6FA59EE017FFDF1 /* Pods_InPost_on_Wrist_WatchKit_App.framework in Frameworks */,
			);
			runOnlyForDeploymentPostprocessing = 0;
		};
/* End PBXFrameworksBuildPhase section */

/* Begin PBXGroup section */
		1720763A247ED8AB00737262 /* Models */ = {
			isa = PBXGroup;
			children = (
				1720763B247ED93A00737262 /* SmsSentConfirmation.swift */,
				1720763D247ED94C00737262 /* AuthInfos.swift */,
				17207644247EE66200737262 /* Parcel.swift */,
			);
			path = Models;
			sourceTree = "<group>";
		};
		1720763F247EDFB900737262 /* Networking */ = {
			isa = PBXGroup;
			children = (
				17207638247ED88500737262 /* Networking.swift */,
				17207640247EDFC800737262 /* LoginService.swift */,
				17207642247EE0BF00737262 /* ParcelService.swift */,
			);
			path = Networking;
			sourceTree = "<group>";
		};
		17EAAEB8247D7A1D0091E2A4 = {
			isa = PBXGroup;
			children = (
				17EAAEC7247D7A1D0091E2A4 /* InPost on Wrist WatchKit App */,
				17EAAED6247D7A1F0091E2A4 /* InPost on Wrist WatchKit Extension */,
				17EAAEC0247D7A1D0091E2A4 /* Products */,
				C5D55350DAC7186BEF70CF36 /* Pods */,
				B17B4ED8FA758FB71C646521 /* Frameworks */,
			);
			sourceTree = "<group>";
		};
		17EAAEC0247D7A1D0091E2A4 /* Products */ = {
			isa = PBXGroup;
			children = (
				17EAAEBF247D7A1D0091E2A4 /* InPost on Wrist.app */,
				17EAAEC3247D7A1D0091E2A4 /* InPost on Wrist WatchKit App.app */,
				17EAAED2247D7A1F0091E2A4 /* InPost on Wrist WatchKit Extension.appex */,
			);
			name = Products;
			sourceTree = "<group>";
		};
		17EAAEC7247D7A1D0091E2A4 /* InPost on Wrist WatchKit App */ = {
			isa = PBXGroup;
			children = (
				17EAAEC8247D7A1D0091E2A4 /* Interface.storyboard */,
				17EAAECB247D7A1F0091E2A4 /* Assets.xcassets */,
				17EAAECD247D7A1F0091E2A4 /* Info.plist */,
			);
			path = "InPost on Wrist WatchKit App";
			sourceTree = "<group>";
		};
		17EAAED6247D7A1F0091E2A4 /* InPost on Wrist WatchKit Extension */ = {
			isa = PBXGroup;
			children = (
				174488BC247D880700A23646 /* DummyController.swift */,
				17EAAED7247D7A1F0091E2A4 /* LoginController.swift */,
				17EAAED9247D7A1F0091E2A4 /* ExtensionDelegate.swift */,
				17EAAEDB247D7A200091E2A4 /* Assets.xcassets */,
				17EAAEDD247D7A200091E2A4 /* Info.plist */,
				17EAAEEB247D7C8F0091E2A4 /* AppCoordinator.swift */,
				17207636247DA48800737262 /* AuthTokensStorage.swift */,
				1720763F247EDFB900737262 /* Networking */,
				1720763A247ED8AB00737262 /* Models */,
				17207646247EEEC000737262 /* ParcelRowController.swift */,
				17207648247EF17800737262 /* ParcelsController.swift */,
				1720764C2481810D00737262 /* ParcelDetailsController.swift */,
				1720764A247F032A00737262 /* QrCodeController.swift */,
				1720764E2481989B00737262 /* MapController.swift */,
			);
			path = "InPost on Wrist WatchKit Extension";
			sourceTree = "<group>";
		};
		B17B4ED8FA758FB71C646521 /* Frameworks */ = {
			isa = PBXGroup;
			children = (
				2AAEE4E0662438FEFF2BC33B /* Pods_InPost_on_Wrist.framework */,
				57DE1E7E7CAD395609DD4FAC /* Pods_InPost_on_Wrist_WatchKit_App.framework */,
				22A60F80A12C8E508B57005F /* Pods_InPost_on_Wrist_WatchKit_Extension.framework */,
			);
			name = Frameworks;
			sourceTree = "<group>";
		};
		C5D55350DAC7186BEF70CF36 /* Pods */ = {
			isa = PBXGroup;
			children = (
				2E651F3F1B1EE4C356FE9FAF /* Pods-InPost on Wrist.debug.xcconfig */,
				8428821EFCB86673CDC2267D /* Pods-InPost on Wrist.release.xcconfig */,
				034B8722288D0B8C507A023B /* Pods-InPost on Wrist WatchKit App.debug.xcconfig */,
				66BDDA0158793EEF8583C1CE /* Pods-InPost on Wrist WatchKit App.release.xcconfig */,
				F4256674A3E8E5A57493C781 /* Pods-InPost on Wrist WatchKit Extension.debug.xcconfig */,
				0A3CFF93DF802EB7E3845118 /* Pods-InPost on Wrist WatchKit Extension.release.xcconfig */,
			);
			path = Pods;
			sourceTree = "<group>";
		};
/* End PBXGroup section */

/* Begin PBXNativeTarget section */
		17EAAEBE247D7A1D0091E2A4 /* InPost on Wrist */ = {
			isa = PBXNativeTarget;
			buildConfigurationList = 17EAAEE8247D7A200091E2A4 /* Build configuration list for PBXNativeTarget "InPost on Wrist" */;
			buildPhases = (
				C8F8AE860F595DD79C606166 /* [CP] Check Pods Manifest.lock */,
				17EAAEBD247D7A1D0091E2A4 /* Resources */,
				17EAAEE7247D7A200091E2A4 /* Embed Watch Content */,
				12ACD83401976903FF6BD994 /* Frameworks */,
			);
			buildRules = (
			);
			dependencies = (
				17EAAEC6247D7A1D0091E2A4 /* PBXTargetDependency */,
			);
			name = "InPost on Wrist";
			productName = "InPost on Wrist";
			productReference = 17EAAEBF247D7A1D0091E2A4 /* InPost on Wrist.app */;
			productType = "com.apple.product-type.application.watchapp2-container";
		};
		17EAAEC2247D7A1D0091E2A4 /* InPost on Wrist WatchKit App */ = {
			isa = PBXNativeTarget;
			buildConfigurationList = 17EAAEE4247D7A200091E2A4 /* Build configuration list for PBXNativeTarget "InPost on Wrist WatchKit App" */;
			buildPhases = (
				DFDE9024B4A16492B482B169 /* [CP] Check Pods Manifest.lock */,
				17EAAEC1247D7A1D0091E2A4 /* Resources */,
				17EAAEE3247D7A200091E2A4 /* Embed App Extensions */,
				480DA3BD84FCC0FB1B065843 /* Frameworks */,
			);
			buildRules = (
			);
			dependencies = (
				17EAAED5247D7A1F0091E2A4 /* PBXTargetDependency */,
			);
			name = "InPost on Wrist WatchKit App";
			productName = "InPost on Wrist WatchKit App";
			productReference = 17EAAEC3247D7A1D0091E2A4 /* InPost on Wrist WatchKit App.app */;
			productType = "com.apple.product-type.application.watchapp2";
		};
		17EAAED1247D7A1F0091E2A4 /* InPost on Wrist WatchKit Extension */ = {
			isa = PBXNativeTarget;
			buildConfigurationList = 17EAAEE0247D7A200091E2A4 /* Build configuration list for PBXNativeTarget "InPost on Wrist WatchKit Extension" */;
			buildPhases = (
				E55308AB452D4F1D750816C0 /* [CP] Check Pods Manifest.lock */,
				17EAAECE247D7A1F0091E2A4 /* Sources */,
				17EAAECF247D7A1F0091E2A4 /* Frameworks */,
				17EAAED0247D7A1F0091E2A4 /* Resources */,
				083B6B860CFE30C976B9FB5A /* [CP] Embed Pods Frameworks */,
			);
			buildRules = (
			);
			dependencies = (
			);
			name = "InPost on Wrist WatchKit Extension";
			productName = "InPost on Wrist WatchKit Extension";
			productReference = 17EAAED2247D7A1F0091E2A4 /* InPost on Wrist WatchKit Extension.appex */;
			productType = "com.apple.product-type.watchkit2-extension";
		};
/* End PBXNativeTarget section */

/* Begin PBXProject section */
		17EAAEB9247D7A1D0091E2A4 /* Project object */ = {
			isa = PBXProject;
			attributes = {
				LastSwiftUpdateCheck = 1130;
				LastUpgradeCheck = 1130;
				ORGANIZATIONNAME = "Konrad Zdunczyk";
				TargetAttributes = {
					17EAAEBE247D7A1D0091E2A4 = {
						CreatedOnToolsVersion = 11.3.1;
					};
					17EAAEC2247D7A1D0091E2A4 = {
						CreatedOnToolsVersion = 11.3.1;
					};
					17EAAED1247D7A1F0091E2A4 = {
						CreatedOnToolsVersion = 11.3.1;
					};
				};
			};
			buildConfigurationList = 17EAAEBC247D7A1D0091E2A4 /* Build configuration list for PBXProject "InPost on Wrist" */;
			compatibilityVersion = "Xcode 9.3";
			developmentRegion = en;
			hasScannedForEncodings = 0;
			knownRegions = (
				en,
				Base,
			);
			mainGroup = 17EAAEB8247D7A1D0091E2A4;
			productRefGroup = 17EAAEC0247D7A1D0091E2A4 /* Products */;
			projectDirPath = "";
			projectRoot = "";
			targets = (
				17EAAEBE247D7A1D0091E2A4 /* InPost on Wrist */,
				17EAAEC2247D7A1D0091E2A4 /* InPost on Wrist WatchKit App */,
				17EAAED1247D7A1F0091E2A4 /* InPost on Wrist WatchKit Extension */,
			);
		};
/* End PBXProject section */

/* Begin PBXResourcesBuildPhase section */
		17EAAEBD247D7A1D0091E2A4 /* Resources */ = {
			isa = PBXResourcesBuildPhase;
			buildActionMask = 2147483647;
			files = (
			);
			runOnlyForDeploymentPostprocessing = 0;
		};
		17EAAEC1247D7A1D0091E2A4 /* Resources */ = {
			isa = PBXResourcesBuildPhase;
			buildActionMask = 2147483647;
			files = (
				17EAAECC247D7A1F0091E2A4 /* Assets.xcassets in Resources */,
				17EAAECA247D7A1D0091E2A4 /* Interface.storyboard in Resources */,
			);
			runOnlyForDeploymentPostprocessing = 0;
		};
		17EAAED0247D7A1F0091E2A4 /* Resources */ = {
			isa = PBXResourcesBuildPhase;
			buildActionMask = 2147483647;
			files = (
				17EAAEDC247D7A200091E2A4 /* Assets.xcassets in Resources */,
			);
			runOnlyForDeploymentPostprocessing = 0;
		};
/* End PBXResourcesBuildPhase section */

/* Begin PBXShellScriptBuildPhase section */
		083B6B860CFE30C976B9FB5A /* [CP] Embed Pods Frameworks */ = {
			isa = PBXShellScriptBuildPhase;
			buildActionMask = 2147483647;
			files = (
			);
			inputFileListPaths = (
				"${PODS_ROOT}/Target Support Files/Pods-InPost on Wrist WatchKit Extension/Pods-InPost on Wrist WatchKit Extension-frameworks-${CONFIGURATION}-input-files.xcfilelist",
			);
			name = "[CP] Embed Pods Frameworks";
			outputFileListPaths = (
				"${PODS_ROOT}/Target Support Files/Pods-InPost on Wrist WatchKit Extension/Pods-InPost on Wrist WatchKit Extension-frameworks-${CONFIGURATION}-output-files.xcfilelist",
			);
			runOnlyForDeploymentPostprocessing = 0;
			shellPath = /bin/sh;
			shellScript = "\"${PODS_ROOT}/Target Support Files/Pods-InPost on Wrist WatchKit Extension/Pods-InPost on Wrist WatchKit Extension-frameworks.sh\"\n";
			showEnvVarsInLog = 0;
		};
		C8F8AE860F595DD79C606166 /* [CP] Check Pods Manifest.lock */ = {
			isa = PBXShellScriptBuildPhase;
			buildActionMask = 2147483647;
			files = (
			);
			inputFileListPaths = (
			);
			inputPaths = (
				"${PODS_PODFILE_DIR_PATH}/Podfile.lock",
				"${PODS_ROOT}/Manifest.lock",
			);
			name = "[CP] Check Pods Manifest.lock";
			outputFileListPaths = (
			);
			outputPaths = (
				"$(DERIVED_FILE_DIR)/Pods-InPost on Wrist-checkManifestLockResult.txt",
			);
			runOnlyForDeploymentPostprocessing = 0;
			shellPath = /bin/sh;
			shellScript = "diff \"${PODS_PODFILE_DIR_PATH}/Podfile.lock\" \"${PODS_ROOT}/Manifest.lock\" > /dev/null\nif [ $? != 0 ] ; then\n    # print error to STDERR\n    echo \"error: The sandbox is not in sync with the Podfile.lock. Run 'pod install' or update your CocoaPods installation.\" >&2\n    exit 1\nfi\n# This output is used by Xcode 'outputs' to avoid re-running this script phase.\necho \"SUCCESS\" > \"${SCRIPT_OUTPUT_FILE_0}\"\n";
			showEnvVarsInLog = 0;
		};
		DFDE9024B4A16492B482B169 /* [CP] Check Pods Manifest.lock */ = {
			isa = PBXShellScriptBuildPhase;
			buildActionMask = 2147483647;
			files = (
			);
			inputFileListPaths = (
			);
			inputPaths = (
				"${PODS_PODFILE_DIR_PATH}/Podfile.lock",
				"${PODS_ROOT}/Manifest.lock",
			);
			name = "[CP] Check Pods Manifest.lock";
			outputFileListPaths = (
			);
			outputPaths = (
				"$(DERIVED_FILE_DIR)/Pods-InPost on Wrist WatchKit App-checkManifestLockResult.txt",
			);
			runOnlyForDeploymentPostprocessing = 0;
			shellPath = /bin/sh;
			shellScript = "diff \"${PODS_PODFILE_DIR_PATH}/Podfile.lock\" \"${PODS_ROOT}/Manifest.lock\" > /dev/null\nif [ $? != 0 ] ; then\n    # print error to STDERR\n    echo \"error: The sandbox is not in sync with the Podfile.lock. Run 'pod install' or update your CocoaPods installation.\" >&2\n    exit 1\nfi\n# This output is used by Xcode 'outputs' to avoid re-running this script phase.\necho \"SUCCESS\" > \"${SCRIPT_OUTPUT_FILE_0}\"\n";
			showEnvVarsInLog = 0;
		};
		E55308AB452D4F1D750816C0 /* [CP] Check Pods Manifest.lock */ = {
			isa = PBXShellScriptBuildPhase;
			buildActionMask = 2147483647;
			files = (
			);
			inputFileListPaths = (
			);
			inputPaths = (
				"${PODS_PODFILE_DIR_PATH}/Podfile.lock",
				"${PODS_ROOT}/Manifest.lock",
			);
			name = "[CP] Check Pods Manifest.lock";
			outputFileListPaths = (
			);
			outputPaths = (
				"$(DERIVED_FILE_DIR)/Pods-InPost on Wrist WatchKit Extension-checkManifestLockResult.txt",
			);
			runOnlyForDeploymentPostprocessing = 0;
			shellPath = /bin/sh;
			shellScript = "diff \"${PODS_PODFILE_DIR_PATH}/Podfile.lock\" \"${PODS_ROOT}/Manifest.lock\" > /dev/null\nif [ $? != 0 ] ; then\n    # print error to STDERR\n    echo \"error: The sandbox is not in sync with the Podfile.lock. Run 'pod install' or update your CocoaPods installation.\" >&2\n    exit 1\nfi\n# This output is used by Xcode 'outputs' to avoid re-running this script phase.\necho \"SUCCESS\" > \"${SCRIPT_OUTPUT_FILE_0}\"\n";
			showEnvVarsInLog = 0;
		};
/* End PBXShellScriptBuildPhase section */

/* Begin PBXSourcesBuildPhase section */
		17EAAECE247D7A1F0091E2A4 /* Sources */ = {
			isa = PBXSourcesBuildPhase;
			buildActionMask = 2147483647;
			files = (
				1720764F2481989B00737262 /* MapController.swift in Sources */,
				174488BD247D880700A23646 /* DummyController.swift in Sources */,
				1720764D2481810D00737262 /* ParcelDetailsController.swift in Sources */,
				17207637247DA48800737262 /* AuthTokensStorage.swift in Sources */,
				1720763C247ED93A00737262 /* SmsSentConfirmation.swift in Sources */,
				1720763E247ED94C00737262 /* AuthInfos.swift in Sources */,
				17207641247EDFC800737262 /* LoginService.swift in Sources */,
				17EAAEEC247D7C8F0091E2A4 /* AppCoordinator.swift in Sources */,
				17207639247ED88500737262 /* Networking.swift in Sources */,
				17EAAEDA247D7A1F0091E2A4 /* ExtensionDelegate.swift in Sources */,
				17207649247EF17800737262 /* ParcelsController.swift in Sources */,
				17207645247EE66200737262 /* Parcel.swift in Sources */,
				17207643247EE0BF00737262 /* ParcelService.swift in Sources */,
				17EAAED8247D7A1F0091E2A4 /* LoginController.swift in Sources */,
				17207647247EEEC000737262 /* ParcelRowController.swift in Sources */,
				1720764B247F032A00737262 /* QrCodeController.swift in Sources */,
			);
			runOnlyForDeploymentPostprocessing = 0;
		};
/* End PBXSourcesBuildPhase section */

/* Begin PBXTargetDependency section */
		17EAAEC6247D7A1D0091E2A4 /* PBXTargetDependency */ = {
			isa = PBXTargetDependency;
			target = 17EAAEC2247D7A1D0091E2A4 /* InPost on Wrist WatchKit App */;
			targetProxy = 17EAAEC5247D7A1D0091E2A4 /* PBXContainerItemProxy */;
		};
		17EAAED5247D7A1F0091E2A4 /* PBXTargetDependency */ = {
			isa = PBXTargetDependency;
			target = 17EAAED1247D7A1F0091E2A4 /* InPost on Wrist WatchKit Extension */;
			targetProxy = 17EAAED4247D7A1F0091E2A4 /* PBXContainerItemProxy */;
		};
/* End PBXTargetDependency section */

/* Begin PBXVariantGroup section */
		17EAAEC8247D7A1D0091E2A4 /* Interface.storyboard */ = {
			isa = PBXVariantGroup;
			children = (
				17EAAEC9247D7A1D0091E2A4 /* Base */,
			);
			name = Interface.storyboard;
			sourceTree = "<group>";
		};
/* End PBXVariantGroup section */

/* Begin XCBuildConfiguration section */
		17EAAEDE247D7A200091E2A4 /* Debug */ = {
			isa = XCBuildConfiguration;
			buildSettings = {
				ALWAYS_SEARCH_USER_PATHS = NO;
				CLANG_ANALYZER_NONNULL = YES;
				CLANG_ANALYZER_NUMBER_OBJECT_CONVERSION = YES_AGGRESSIVE;
				CLANG_CXX_LANGUAGE_STANDARD = "gnu++14";
				CLANG_CXX_LIBRARY = "libc++";
				CLANG_ENABLE_MODULES = YES;
				CLANG_ENABLE_OBJC_ARC = YES;
				CLANG_ENABLE_OBJC_WEAK = YES;
				CLANG_WARN_BLOCK_CAPTURE_AUTORELEASING = YES;
				CLANG_WARN_BOOL_CONVERSION = YES;
				CLANG_WARN_COMMA = YES;
				CLANG_WARN_CONSTANT_CONVERSION = YES;
				CLANG_WARN_DEPRECATED_OBJC_IMPLEMENTATIONS = YES;
				CLANG_WARN_DIRECT_OBJC_ISA_USAGE = YES_ERROR;
				CLANG_WARN_DOCUMENTATION_COMMENTS = YES;
				CLANG_WARN_EMPTY_BODY = YES;
				CLANG_WARN_ENUM_CONVERSION = YES;
				CLANG_WARN_INFINITE_RECURSION = YES;
				CLANG_WARN_INT_CONVERSION = YES;
				CLANG_WARN_NON_LITERAL_NULL_CONVERSION = YES;
				CLANG_WARN_OBJC_IMPLICIT_RETAIN_SELF = YES;
				CLANG_WARN_OBJC_LITERAL_CONVERSION = YES;
				CLANG_WARN_OBJC_ROOT_CLASS = YES_ERROR;
				CLANG_WARN_RANGE_LOOP_ANALYSIS = YES;
				CLANG_WARN_STRICT_PROTOTYPES = YES;
				CLANG_WARN_SUSPICIOUS_MOVE = YES;
				CLANG_WARN_UNGUARDED_AVAILABILITY = YES_AGGRESSIVE;
				CLANG_WARN_UNREACHABLE_CODE = YES;
				CLANG_WARN__DUPLICATE_METHOD_MATCH = YES;
				COPY_PHASE_STRIP = NO;
				DEBUG_INFORMATION_FORMAT = dwarf;
				ENABLE_STRICT_OBJC_MSGSEND = YES;
				ENABLE_TESTABILITY = YES;
				GCC_C_LANGUAGE_STANDARD = gnu11;
				GCC_DYNAMIC_NO_PIC = NO;
				GCC_NO_COMMON_BLOCKS = YES;
				GCC_OPTIMIZATION_LEVEL = 0;
				GCC_PREPROCESSOR_DEFINITIONS = (
					"DEBUG=1",
					"$(inherited)",
				);
				GCC_WARN_64_TO_32_BIT_CONVERSION = YES;
				GCC_WARN_ABOUT_RETURN_TYPE = YES_ERROR;
				GCC_WARN_UNDECLARED_SELECTOR = YES;
				GCC_WARN_UNINITIALIZED_AUTOS = YES_AGGRESSIVE;
				GCC_WARN_UNUSED_FUNCTION = YES;
				GCC_WARN_UNUSED_VARIABLE = YES;
				MTL_ENABLE_DEBUG_INFO = INCLUDE_SOURCE;
				MTL_FAST_MATH = YES;
				ONLY_ACTIVE_ARCH = YES;
				SDKROOT = iphoneos;
				SWIFT_ACTIVE_COMPILATION_CONDITIONS = DEBUG;
				SWIFT_OPTIMIZATION_LEVEL = "-Onone";
			};
			name = Debug;
		};
		17EAAEDF247D7A200091E2A4 /* Release */ = {
			isa = XCBuildConfiguration;
			buildSettings = {
				ALWAYS_SEARCH_USER_PATHS = NO;
				CLANG_ANALYZER_NONNULL = YES;
				CLANG_ANALYZER_NUMBER_OBJECT_CONVERSION = YES_AGGRESSIVE;
				CLANG_CXX_LANGUAGE_STANDARD = "gnu++14";
				CLANG_CXX_LIBRARY = "libc++";
				CLANG_ENABLE_MODULES = YES;
				CLANG_ENABLE_OBJC_ARC = YES;
				CLANG_ENABLE_OBJC_WEAK = YES;
				CLANG_WARN_BLOCK_CAPTURE_AUTORELEASING = YES;
				CLANG_WARN_BOOL_CONVERSION = YES;
				CLANG_WARN_COMMA = YES;
				CLANG_WARN_CONSTANT_CONVERSION = YES;
				CLANG_WARN_DEPRECATED_OBJC_IMPLEMENTATIONS = YES;
				CLANG_WARN_DIRECT_OBJC_ISA_USAGE = YES_ERROR;
				CLANG_WARN_DOCUMENTATION_COMMENTS = YES;
				CLANG_WARN_EMPTY_BODY = YES;
				CLANG_WARN_ENUM_CONVERSION = YES;
				CLANG_WARN_INFINITE_RECURSION = YES;
				CLANG_WARN_INT_CONVERSION = YES;
				CLANG_WARN_NON_LITERAL_NULL_CONVERSION = YES;
				CLANG_WARN_OBJC_IMPLICIT_RETAIN_SELF = YES;
				CLANG_WARN_OBJC_LITERAL_CONVERSION = YES;
				CLANG_WARN_OBJC_ROOT_CLASS = YES_ERROR;
				CLANG_WARN_RANGE_LOOP_ANALYSIS = YES;
				CLANG_WARN_STRICT_PROTOTYPES = YES;
				CLANG_WARN_SUSPICIOUS_MOVE = YES;
				CLANG_WARN_UNGUARDED_AVAILABILITY = YES_AGGRESSIVE;
				CLANG_WARN_UNREACHABLE_CODE = YES;
				CLANG_WARN__DUPLICATE_METHOD_MATCH = YES;
				COPY_PHASE_STRIP = NO;
				DEBUG_INFORMATION_FORMAT = "dwarf-with-dsym";
				ENABLE_NS_ASSERTIONS = NO;
				ENABLE_STRICT_OBJC_MSGSEND = YES;
				GCC_C_LANGUAGE_STANDARD = gnu11;
				GCC_NO_COMMON_BLOCKS = YES;
				GCC_WARN_64_TO_32_BIT_CONVERSION = YES;
				GCC_WARN_ABOUT_RETURN_TYPE = YES_ERROR;
				GCC_WARN_UNDECLARED_SELECTOR = YES;
				GCC_WARN_UNINITIALIZED_AUTOS = YES_AGGRESSIVE;
				GCC_WARN_UNUSED_FUNCTION = YES;
				GCC_WARN_UNUSED_VARIABLE = YES;
				MTL_ENABLE_DEBUG_INFO = NO;
				MTL_FAST_MATH = YES;
				SDKROOT = iphoneos;
				SWIFT_COMPILATION_MODE = wholemodule;
				SWIFT_OPTIMIZATION_LEVEL = "-O";
				VALIDATE_PRODUCT = YES;
			};
			name = Release;
		};
		17EAAEE1247D7A200091E2A4 /* Debug */ = {
			isa = XCBuildConfiguration;
			baseConfigurationReference = F4256674A3E8E5A57493C781 /* Pods-InPost on Wrist WatchKit Extension.debug.xcconfig */;
			buildSettings = {
				ASSETCATALOG_COMPILER_COMPLICATION_NAME = Complication;
				CODE_SIGN_STYLE = Automatic;
				DEVELOPMENT_TEAM = WM5VQQ9GA7;
				INFOPLIST_FILE = "InPost on Wrist WatchKit Extension/Info.plist";
				LD_RUNPATH_SEARCH_PATHS = (
					"$(inherited)",
					"@executable_path/Frameworks",
					"@executable_path/../../Frameworks",
				);
				PRODUCT_BUNDLE_IDENTIFIER = "Kondziu.InPost-on-Wrist.watchkitapp.watchkitextension";
				PRODUCT_NAME = "${TARGET_NAME}";
				SDKROOT = watchos;
				SKIP_INSTALL = YES;
				SWIFT_VERSION = 5.0;
				TARGETED_DEVICE_FAMILY = 4;
				WATCHOS_DEPLOYMENT_TARGET = 6.1;
			};
			name = Debug;
		};
		17EAAEE2247D7A200091E2A4 /* Release */ = {
			isa = XCBuildConfiguration;
			baseConfigurationReference = 0A3CFF93DF802EB7E3845118 /* Pods-InPost on Wrist WatchKit Extension.release.xcconfig */;
			buildSettings = {
				ASSETCATALOG_COMPILER_COMPLICATION_NAME = Complication;
				CODE_SIGN_STYLE = Automatic;
				DEVELOPMENT_TEAM = WM5VQQ9GA7;
				INFOPLIST_FILE = "InPost on Wrist WatchKit Extension/Info.plist";
				LD_RUNPATH_SEARCH_PATHS = (
					"$(inherited)",
					"@executable_path/Frameworks",
					"@executable_path/../../Frameworks",
				);
				PRODUCT_BUNDLE_IDENTIFIER = "Kondziu.InPost-on-Wrist.watchkitapp.watchkitextension";
				PRODUCT_NAME = "${TARGET_NAME}";
				SDKROOT = watchos;
				SKIP_INSTALL = YES;
				SWIFT_VERSION = 5.0;
				TARGETED_DEVICE_FAMILY = 4;
				WATCHOS_DEPLOYMENT_TARGET = 6.1;
			};
			name = Release;
		};
		17EAAEE5247D7A200091E2A4 /* Debug */ = {
			isa = XCBuildConfiguration;
			baseConfigurationReference = 034B8722288D0B8C507A023B /* Pods-InPost on Wrist WatchKit App.debug.xcconfig */;
			buildSettings = {
				ALWAYS_EMBED_SWIFT_STANDARD_LIBRARIES = YES;
				ASSETCATALOG_COMPILER_APPICON_NAME = AppIcon;
				CODE_SIGN_STYLE = Automatic;
				DEVELOPMENT_TEAM = WM5VQQ9GA7;
				IBSC_MODULE = InPost_on_Wrist_WatchKit_Extension;
				INFOPLIST_FILE = "InPost on Wrist WatchKit App/Info.plist";
				PRODUCT_BUNDLE_IDENTIFIER = "Kondziu.InPost-on-Wrist.watchkitapp";
				PRODUCT_NAME = "$(TARGET_NAME)";
				SDKROOT = watchos;
				SKIP_INSTALL = YES;
				SWIFT_VERSION = 5.0;
				TARGETED_DEVICE_FAMILY = 4;
				WATCHOS_DEPLOYMENT_TARGET = 6.1;
			};
			name = Debug;
		};
		17EAAEE6247D7A200091E2A4 /* Release */ = {
			isa = XCBuildConfiguration;
			baseConfigurationReference = 66BDDA0158793EEF8583C1CE /* Pods-InPost on Wrist WatchKit App.release.xcconfig */;
			buildSettings = {
				ALWAYS_EMBED_SWIFT_STANDARD_LIBRARIES = YES;
				ASSETCATALOG_COMPILER_APPICON_NAME = AppIcon;
				CODE_SIGN_STYLE = Automatic;
				DEVELOPMENT_TEAM = WM5VQQ9GA7;
				IBSC_MODULE = InPost_on_Wrist_WatchKit_Extension;
				INFOPLIST_FILE = "InPost on Wrist WatchKit App/Info.plist";
				PRODUCT_BUNDLE_IDENTIFIER = "Kondziu.InPost-on-Wrist.watchkitapp";
				PRODUCT_NAME = "$(TARGET_NAME)";
				SDKROOT = watchos;
				SKIP_INSTALL = YES;
				SWIFT_VERSION = 5.0;
				TARGETED_DEVICE_FAMILY = 4;
				WATCHOS_DEPLOYMENT_TARGET = 6.1;
			};
			name = Release;
		};
		17EAAEE9247D7A200091E2A4 /* Debug */ = {
			isa = XCBuildConfiguration;
			baseConfigurationReference = 2E651F3F1B1EE4C356FE9FAF /* Pods-InPost on Wrist.debug.xcconfig */;
			buildSettings = {
				CODE_SIGN_STYLE = Automatic;
				CURRENT_PROJECT_VERSION = 1;
				DEVELOPMENT_TEAM = WM5VQQ9GA7;
				MARKETING_VERSION = 1.0;
				PRODUCT_BUNDLE_IDENTIFIER = "Kondziu.InPost-on-Wrist";
				PRODUCT_NAME = "$(TARGET_NAME)";
				SWIFT_VERSION = 5.0;
			};
			name = Debug;
		};
		17EAAEEA247D7A200091E2A4 /* Release */ = {
			isa = XCBuildConfiguration;
			baseConfigurationReference = 8428821EFCB86673CDC2267D /* Pods-InPost on Wrist.release.xcconfig */;
			buildSettings = {
				CODE_SIGN_STYLE = Automatic;
				CURRENT_PROJECT_VERSION = 1;
				DEVELOPMENT_TEAM = WM5VQQ9GA7;
				MARKETING_VERSION = 1.0;
				PRODUCT_BUNDLE_IDENTIFIER = "Kondziu.InPost-on-Wrist";
				PRODUCT_NAME = "$(TARGET_NAME)";
				SWIFT_VERSION = 5.0;
			};
			name = Release;
		};
/* End XCBuildConfiguration section */

/* Begin XCConfigurationList section */
		17EAAEBC247D7A1D0091E2A4 /* Build configuration list for PBXProject "InPost on Wrist" */ = {
			isa = XCConfigurationList;
			buildConfigurations = (
				17EAAEDE247D7A200091E2A4 /* Debug */,
				17EAAEDF247D7A200091E2A4 /* Release */,
			);
			defaultConfigurationIsVisible = 0;
			defaultConfigurationName = Release;
		};
		17EAAEE0247D7A200091E2A4 /* Build configuration list for PBXNativeTarget "InPost on Wrist WatchKit Extension" */ = {
			isa = XCConfigurationList;
			buildConfigurations = (
				17EAAEE1247D7A200091E2A4 /* Debug */,
				17EAAEE2247D7A200091E2A4 /* Release */,
			);
			defaultConfigurationIsVisible = 0;
			defaultConfigurationName = Release;
		};
		17EAAEE4247D7A200091E2A4 /* Build configuration list for PBXNativeTarget "InPost on Wrist WatchKit App" */ = {
			isa = XCConfigurationList;
			buildConfigurations = (
				17EAAEE5247D7A200091E2A4 /* Debug */,
				17EAAEE6247D7A200091E2A4 /* Release */,
			);
			defaultConfigurationIsVisible = 0;
			defaultConfigurationName = Release;
		};
		17EAAEE8247D7A200091E2A4 /* Build configuration list for PBXNativeTarget "InPost on Wrist" */ = {
			isa = XCConfigurationList;
			buildConfigurations = (
				17EAAEE9247D7A200091E2A4 /* Debug */,
				17EAAEEA247D7A200091E2A4 /* Release */,
			);
			defaultConfigurationIsVisible = 0;
			defaultConfigurationName = Release;
		};
/* End XCConfigurationList section */
	};
	rootObject = 17EAAEB9247D7A1D0091E2A4 /* Project object */;
}
